
Microsoft Visual Studio Solution File, Format Version 12.00
# Visual Studio 15
VisualStudioVersion = 15.0.27428.2043
MinimumVisualStudioVersion = 10.0.40219.1
Project("{F184B08F-C81C-45F6-A57F-5ABD9991F28F}") = "gestion equipos", "gestion equipos\gestion equipos.vbproj", "{AD6CCA86-8355-4778-A9AA-43861AEDE1E3}"
EndProject
Global
	GlobalSection(Performance) = preSolution
		HasPerformanceSessions = true
	EndGlobalSection
	GlobalSection(SolutionConfigurationPlatforms) = preSolution
		Debug|Any CPU = Debug|Any CPU
		Release|Any CPU = Release|Any CPU
	EndGlobalSection
	GlobalSection(ProjectConfigurationPlatforms) = postSolution
		{AD6CCA86-8355-4778-A9AA-43861AEDE1E3}.Debug|Any CPU.ActiveCfg = Debug|Any CPU
		{AD6CCA86-8355-4778-A9AA-43861AEDE1E3}.Debug|Any CPU.Build.0 = Debug|Any CPU
		{AD6CCA86-8355-4778-A9AA-43861AEDE1E3}.Release|Any CPU.ActiveCfg = Release|Any CPU
		{AD6CCA86-8355-4778-A9AA-43861AEDE1E3}.Release|Any CPU.Build.0 = Release|Any CPU
	EndGlobalSection
	GlobalSection(SolutionProperties) = preSolution
		HideSolutionNode = FALSE
	EndGlobalSection
	GlobalSection(ExtensibilityGlobals) = postSolution
		SolutionGuid = {1DB7747D-14E8-4C77-91B9-C1EDBA13EA53}
	EndGlobalSection
	GlobalSection(Performance) = preSolution
		HasPerformanceSessions = true
	EndGlobalSection
	GlobalSection(Performance) = preSolution
		HasPerformanceSessions = true
	EndGlobalSection
EndGlobal
